
Microsoft Visual Studio Solution File, Format Version 12.00
# Visual Studio Version 17
VisualStudioVersion = 17.4.33213.308
MinimumVisualStudioVersion = 10.0.40219.1
Project("{FAE04EC0-301F-11D3-BF4B-00C04F79EFBC}") = "Server", "Server\Server.csproj", "{AB7D3697-4D70-4983-B203-A9810745FB83}"
EndProject
Global
	GlobalSection(SolutionConfigurationPlatforms) = preSolution
		Debug|Any CPU = Debug|Any CPU
		Release|Any CPU = Release|Any CPU
	EndGlobalSection
	GlobalSection(ProjectConfigurationPlatforms) = postSolution
		{AB7D3697-4D70-4983-B203-A9810745FB83}.Debug|Any CPU.ActiveCfg = Debug|Any CPU
		{AB7D3697-4D70-4983-B203-A9810745FB83}.Debug|Any CPU.Build.0 = Debug|Any CPU
		{AB7D3697-4D70-4983-B203-A9810745FB83}.Release|Any CPU.ActiveCfg = Release|Any CPU
		{AB7D3697-4D70-4983-B203-A9810745FB83}.Release|Any CPU.Build.0 = Release|Any CPU
	EndGlobalSection
	GlobalSection(SolutionProperties) = preSolution
		HideSolutionNode = FALSE
	EndGlobalSection
	GlobalSection(ExtensibilityGlobals) = postSolution
		SolutionGuid = {7A14C9BB-5563-4EB3-8A15-8C25CBE47E1D}
	EndGlobalSection
EndGlobal
